{
    "hash": "3bc0b9024664ca6ea6f9f33524801cde",
    "packages": [
        {
            "name": "monolog/monolog",
            "version": "dev-master",
            "source": {
                "type": "git",
                "url": "https://github.com/Seldaek/monolog",
                "reference": "957ee8d0d62fad0c336797f0fb1ffa63ae6d6c71"
            },
            "dist": {
                "type": "zip",
                "url": "https://github.com/Seldaek/monolog/archive/957ee8d0d62fad0c336797f0fb1ffa63ae6d6c71.zip",
                "reference": "957ee8d0d62fad0c336797f0fb1ffa63ae6d6c71",
                "shasum": ""
            },
            "require": {
                "php": ">=5.3.0",
                "psr/log": ">=1.0,<2.0"
            },
            "require-dev": {
                "mlehner/gelf-php": "1.0.*",
                "doctrine/couchdb": "dev-master",
                "raven/raven": "0.3.*"
            },
            "suggest": {
                "mlehner/gelf-php": "Allow sending log messages to a GrayLog2 server",
                "ext-amqp": "Allow sending log messages to an AMQP server (1.0+ required)",
                "ext-mongo": "Allow sending log messages to a MongoDB server",
                "doctrine/couchdb": "Allow sending log messages to a CouchDB server",
                "raven/raven": "Allow sending log messages to a Sentry server"
            },
            "time": "2013-01-22 15:02:20",
            "type": "library",
            "extra": {
                "branch-alias": {
                    "dev-master": "1.4.x-dev"
                }
            },
            "autoload": {
                "psr-0": {
                    "Monolog": "src/"
                }
            },
            "notification-url": "https://packagist.org/downloads/",
            "license": [
                "MIT"
            ],
            "authors": [
                {
                    "name": "Jordi Boggiano",
                    "email": "j.boggiano@seld.be",
                    "homepage": "http://seld.be",
                    "role": "Developer"
                }
            ],
            "description": "Sends your logs to files, sockets, inboxes, databases and various web services",
            "homepage": "http://github.com/Seldaek/monolog",
            "keywords": [
                "log",
                "logging",
                "psr-3"
            ]
        },
        {
            "name": "pimple/pimple",
            "version": "dev-master",
            "source": {
                "type": "git",
                "url": "git://github.com/fabpot/Pimple.git",
                "reference": "d58cec632dfdd3305d6b4f2563a5cf2a75b4d978"
            },
            "dist": {
                "type": "zip",
                "url": "https://github.com/fabpot/Pimple/archive/d58cec632dfdd3305d6b4f2563a5cf2a75b4d978.zip",
                "reference": "d58cec632dfdd3305d6b4f2563a5cf2a75b4d978",
                "shasum": ""
            },
            "require": {
                "php": ">=5.3.0"
            },
            "time": "2013-01-07 10:39:26",
            "type": "library",
            "extra": {
                "branch-alias": {
                    "dev-master": "1.0.x-dev"
                }
            },
            "autoload": {
                "psr-0": {
                    "Pimple": "lib/"
                }
            },
            "notification-url": "https://packagist.org/downloads/",
            "license": [
                "MIT"
            ],
            "authors": [
                {
                    "name": "Fabien Potencier",
                    "email": "fabien@symfony.com"
                }
            ],
            "description": "Pimple is a simple Dependency Injection Container for PHP 5.3",
            "homepage": "http://pimple.sensiolabs.org",
            "keywords": [
                "dependency injection",
                "container"
            ]
        },
        {
            "name": "psr/log",
            "version": "1.0.0",
            "source": {
                "type": "git",
                "url": "https://github.com/php-fig/log",
                "reference": "1.0.0"
            },
            "dist": {
                "type": "zip",
                "url": "https://github.com/php-fig/log/archive/1.0.0.zip",
                "reference": "1.0.0",
                "shasum": ""
            },
            "time": "2012-12-21 11:40:51",
            "type": "library",
            "autoload": {
                "psr-0": {
                    "Psr\\Log\\": ""
                }
            },
            "notification-url": "https://packagist.org/downloads/",
            "license": [
                "MIT"
            ],
            "authors": [
                {
                    "name": "PHP-FIG",
                    "homepage": "http://www.php-fig.org/"
                }
            ],
            "description": "Common interface for logging libraries",
            "keywords": [
                "log",
                "psr",
                "psr-3"
            ]
        },
        {
            "name": "symfony/config",
            "version": "dev-master",
            "target-dir": "Symfony/Component/Config",
            "source": {
                "type": "git",
                "url": "https://github.com/symfony/Config",
                "reference": "bbab70a5220e3435180d51685e135c158b1fa2e8"
            },
            "dist": {
                "type": "zip",
                "url": "https://github.com/symfony/Config/archive/bbab70a5220e3435180d51685e135c158b1fa2e8.zip",
                "reference": "bbab70a5220e3435180d51685e135c158b1fa2e8",
                "shasum": ""
            },
            "require": {
                "php": ">=5.3.3"
            },
            "time": "2013-01-28 17:21:49",
            "type": "library",
            "extra": {
                "branch-alias": {
                    "dev-master": "2.2-dev"
                }
            },
            "autoload": {
                "psr-0": {
                    "Symfony\\Component\\Config\\": ""
                }
            },
            "notification-url": "https://packagist.org/downloads/",
            "license": [
                "MIT"
            ],
            "authors": [
                {
                    "name": "Fabien Potencier",
                    "email": "fabien@symfony.com"
                },
                {
                    "name": "Symfony Community",
                    "homepage": "http://symfony.com/contributors"
                }
            ],
            "description": "Symfony Config Component",
            "homepage": "http://symfony.com"
        },
        {
            "name": "symfony/console",
            "version": "dev-master",
            "target-dir": "Symfony/Component/Console",
            "source": {
                "type": "git",
                "url": "https://github.com/symfony/Console",
                "reference": "fdb2d9320106926266a0f7a5a97aab7213e11ad6"
            },
            "dist": {
                "type": "zip",
                "url": "https://github.com/symfony/Console/archive/fdb2d9320106926266a0f7a5a97aab7213e11ad6.zip",
                "reference": "fdb2d9320106926266a0f7a5a97aab7213e11ad6",
                "shasum": ""
            },
            "require": {
                "php": ">=5.3.3"
            },
            "time": "2013-01-24 15:55:08",
            "type": "library",
            "extra": {
                "branch-alias": {
                    "dev-master": "2.2-dev"
                }
            },
            "autoload": {
                "psr-0": {
                    "Symfony\\Component\\Console\\": ""
                }
            },
            "notification-url": "https://packagist.org/downloads/",
            "license": [
                "MIT"
            ],
            "authors": [
                {
                    "name": "Fabien Potencier",
                    "email": "fabien@symfony.com"
                },
                {
                    "name": "Symfony Community",
                    "homepage": "http://symfony.com/contributors"
                }
            ],
            "description": "Symfony Console Component",
            "homepage": "http://symfony.com"
        },
        {
            "name": "symfony/filesystem",
            "version": "dev-master",
            "target-dir": "Symfony/Component/Filesystem",
            "source": {
                "type": "git",
                "url": "https://github.com/symfony/Filesystem",
                "reference": "v2.2.0-BETA2"
            },
            "dist": {
                "type": "zip",
                "url": "https://github.com/symfony/Filesystem/archive/v2.2.0-BETA2.zip",
                "reference": "v2.2.0-BETA2",
                "shasum": ""
            },
            "require": {
                "php": ">=5.3.3"
            },
            "time": "2013-01-17 15:25:59",
            "type": "library",
            "extra": {
                "branch-alias": {
                    "dev-master": "2.2-dev"
                }
            },
            "autoload": {
                "psr-0": {
                    "Symfony\\Component\\Filesystem\\": ""
                }
            },
            "notification-url": "https://packagist.org/downloads/",
            "license": [
                "MIT"
            ],
            "authors": [
                {
                    "name": "Fabien Potencier",
                    "email": "fabien@symfony.com"
                },
                {
                    "name": "Symfony Community",
                    "homepage": "http://symfony.com/contributors"
                }
            ],
            "description": "Symfony Filesystem Component",
            "homepage": "http://symfony.com"
        },
        {
            "name": "symfony/finder",
            "version": "dev-master",
            "target-dir": "Symfony/Component/Finder",
            "source": {
                "type": "git",
                "url": "https://github.com/symfony/Finder",
                "reference": "d33658c34672f48474a669227ca3639fa0b443e7"
            },
            "dist": {
                "type": "zip",
                "url": "https://github.com/symfony/Finder/archive/d33658c34672f48474a669227ca3639fa0b443e7.zip",
                "reference": "d33658c34672f48474a669227ca3639fa0b443e7",
                "shasum": ""
            },
            "require": {
                "php": ">=5.3.3"
            },
            "time": "2013-01-29 18:42:39",
            "type": "library",
            "extra": {
                "branch-alias": {
                    "dev-master": "2.2-dev"
                }
            },
            "autoload": {
                "psr-0": {
                    "Symfony\\Component\\Finder\\": ""
                }
            },
            "notification-url": "https://packagist.org/downloads/",
            "license": [
                "MIT"
            ],
            "authors": [
                {
                    "name": "Fabien Potencier",
                    "email": "fabien@symfony.com"
                },
                {
                    "name": "Symfony Community",
                    "homepage": "http://symfony.com/contributors"
                }
            ],
            "description": "Symfony Finder Component",
            "homepage": "http://symfony.com"
        },
        {
            "name": "symfony/process",
            "version": "dev-master",
            "target-dir": "Symfony/Component/Process",
            "source": {
                "type": "git",
                "url": "https://github.com/symfony/Process",
                "reference": "v2.2.0-BETA2"
            },
            "dist": {
                "type": "zip",
                "url": "https://github.com/symfony/Process/archive/v2.2.0-BETA2.zip",
                "reference": "v2.2.0-BETA2",
                "shasum": ""
            },
            "require": {
                "php": ">=5.3.3"
            },
            "time": "2013-01-17 15:25:59",
            "type": "library",
            "extra": {
                "branch-alias": {
                    "dev-master": "2.2-dev"
                }
            },
            "autoload": {
                "psr-0": {
                    "Symfony\\Component\\Process\\": ""
                }
            },
            "notification-url": "https://packagist.org/downloads/",
            "license": [
                "MIT"
            ],
            "authors": [
                {
                    "name": "Fabien Potencier",
                    "email": "fabien@symfony.com"
                },
                {
                    "name": "Symfony Community",
                    "homepage": "http://symfony.com/contributors"
                }
            ],
            "description": "Symfony Process Component",
            "homepage": "http://symfony.com"
        },
        {
            "name": "twig/twig",
            "version": "dev-master",
            "source": {
                "type": "git",
                "url": "git://github.com/fabpot/Twig.git",
                "reference": "eaadcca54b888db779a355e449a16dd8c7760e11"
            },
            "dist": {
                "type": "zip",
                "url": "https://github.com/fabpot/Twig/archive/eaadcca54b888db779a355e449a16dd8c7760e11.zip",
                "reference": "eaadcca54b888db779a355e449a16dd8c7760e11",
                "shasum": ""
            },
            "require": {
                "php": ">=5.2.4"
            },
            "time": "2013-01-27 16:32:04",
            "type": "library",
            "extra": {
                "branch-alias": {
                    "dev-master": "1.12-dev"
                }
            },
            "autoload": {
                "psr-0": {
                    "Twig_": "lib/"
                }
            },
            "notification-url": "https://packagist.org/downloads/",
            "license": [
                "BSD-3"
            ],
            "authors": [
                {
                    "name": "Fabien Potencier",
                    "email": "fabien@symfony.com"
                },
                {
                    "name": "Armin Ronacher",
                    "email": "armin.ronacher@active-4.com"
                }
            ],
            "description": "Twig, the flexible, fast, and secure template language for PHP",
            "homepage": "http://twig.sensiolabs.org",
            "keywords": [
                "templating"
            ]
        }
    ],
    "packages-dev": null,
    "aliases": [

    ],
    "minimum-stability": "dev",
    "stability-flags": {
        "pimple/pimple": 20
    }
}
