{
    "hash": "3d0fa18f055f72c4aaa554ccc058875a",
    "packages": [
        {
            "package": "monolog/monolog",
            "version": "dev-master",
            "source-reference": "1.1.0"
        },
        {
            "package": "symfony/console",
            "version": "dev-master",
            "source-reference": "8c69d3a3e26885cad132a38ab0d7f287fb975296"
        },
        {
            "package": "symfony/filesystem",
            "version": "dev-master",
            "source-reference": "f5a2dcc6621c9dba4390195697f941db294813fd"
        },
        {
            "package": "symfony/process",
            "version": "dev-master",
            "source-reference": "3f95a0126588f00d70e745c1ef96631fb10c3a8e"
        }
    ],
    "packages-dev": null,
    "aliases": []
}
