{
    "hash": "f2529ff82f609acec467a4eb07795663",
    "packages": [
        {
            "name": "kriswallsmith/spork",
            "version": "dev-master",
            "source": {
                "type": "git",
                "url": "https://github.com/kriswallsmith/spork.git",
                "reference": "e6a3ec2fc4d74a174148b539ab8c3c7cebefed0e"
            },
            "dist": {
                "type": "zip",
                "url": "https://github.com/kriswallsmith/spork/zipball/e6a3ec2fc4d74a174148b539ab8c3c7cebefed0e",
                "reference": "e6a3ec2fc4d74a174148b539ab8c3c7cebefed0e",
                "shasum": ""
            },
            "require": {
                "php": ">=5.3.0",
                "symfony/event-dispatcher": "*",
                "ext-pcntl": "*",
                "ext-posix": "*"
            },
            "time": "1339256178",
            "type": "library",
            "installation-source": "source",
            "autoload": {
                "psr-0": {
                    "Spork": "src/"
                }
            },
            "license": [
                "MIT"
            ],
            "authors": [
                {
                    "name": "Kris Wallsmith",
                    "email": "kris.wallsmith@gmail.com",
                    "homepage": "http://kriswallsmith.net/"
                }
            ],
            "description": "Asynchronous PHP",
            "homepage": "https://github.com/kriswallsmith/spork"
        },
        {
            "name": "symfony/config",
            "version": "dev-master",
            "target-dir": "Symfony/Component/Config",
            "source": {
                "type": "git",
                "url": "https://github.com/symfony/Config",
                "reference": "dbfadc6995574df68ad9b6c7e56a68b4bd9d0fa3"
            },
            "dist": {
                "type": "zip",
                "url": "https://github.com/symfony/Config/zipball/dbfadc6995574df68ad9b6c7e56a68b4bd9d0fa3",
                "reference": "dbfadc6995574df68ad9b6c7e56a68b4bd9d0fa3",
                "shasum": ""
            },
            "require": {
                "php": ">=5.3.3"
            },
            "time": "1349553479",
            "type": "library",
            "extra": {
                "branch-alias": {
                    "dev-master": "2.2-dev"
                }
            },
            "installation-source": "source",
            "autoload": {
                "psr-0": {
                    "Symfony\\Component\\Config\\": ""
                }
            },
            "license": [
                "MIT"
            ],
            "authors": [
                {
                    "name": "Fabien Potencier",
                    "email": "fabien@symfony.com"
                },
                {
                    "name": "Symfony Community",
                    "homepage": "http://symfony.com/contributors"
                }
            ],
            "description": "Symfony Config Component",
            "homepage": "http://symfony.com"
        },
        {
            "name": "symfony/console",
            "version": "dev-master",
            "target-dir": "Symfony/Component/Console",
            "source": {
                "type": "git",
                "url": "https://github.com/symfony/Console",
                "reference": "4a74ab0170585fd25d925ff94582f68b0037f016"
            },
            "dist": {
                "type": "zip",
                "url": "https://github.com/symfony/Console/zipball/4a74ab0170585fd25d925ff94582f68b0037f016",
                "reference": "4a74ab0170585fd25d925ff94582f68b0037f016",
                "shasum": ""
            },
            "require": {
                "php": ">=5.3.3"
            },
            "time": "1350206314",
            "type": "library",
            "extra": {
                "branch-alias": {
                    "dev-master": "2.2-dev"
                }
            },
            "installation-source": "source",
            "autoload": {
                "psr-0": {
                    "Symfony\\Component\\Console\\": ""
                }
            },
            "license": [
                "MIT"
            ],
            "authors": [
                {
                    "name": "Fabien Potencier",
                    "email": "fabien@symfony.com"
                },
                {
                    "name": "Symfony Community",
                    "homepage": "http://symfony.com/contributors"
                }
            ],
            "description": "Symfony Console Component",
            "homepage": "http://symfony.com"
        },
        {
            "name": "symfony/event-dispatcher",
            "version": "dev-master",
            "target-dir": "Symfony/Component/EventDispatcher",
            "source": {
                "type": "git",
                "url": "https://github.com/symfony/EventDispatcher",
                "reference": "24a1039d52b6b9f533cb73dcb96c7748262db686"
            },
            "dist": {
                "type": "zip",
                "url": "https://github.com/symfony/EventDispatcher/zipball/24a1039d52b6b9f533cb73dcb96c7748262db686",
                "reference": "24a1039d52b6b9f533cb73dcb96c7748262db686",
                "shasum": ""
            },
            "require": {
                "php": ">=5.3.3"
            },
            "require-dev": {
                "symfony/dependency-injection": "2.2.*"
            },
            "suggest": {
                "symfony/dependency-injection": "2.2.*",
                "symfony/http-kernel": "2.2.*"
            },
            "time": "1349553479",
            "type": "library",
            "extra": {
                "branch-alias": {
                    "dev-master": "2.2-dev"
                }
            },
            "installation-source": "source",
            "autoload": {
                "psr-0": {
                    "Symfony\\Component\\EventDispatcher\\": ""
                }
            },
            "license": [
                "MIT"
            ],
            "authors": [
                {
                    "name": "Fabien Potencier",
                    "email": "fabien@symfony.com"
                },
                {
                    "name": "Symfony Community",
                    "homepage": "http://symfony.com/contributors"
                }
            ],
            "description": "Symfony EventDispatcher Component",
            "homepage": "http://symfony.com"
        },
        {
            "name": "symfony/filesystem",
            "version": "dev-master",
            "target-dir": "Symfony/Component/Filesystem",
            "source": {
                "type": "git",
                "url": "https://github.com/symfony/Filesystem",
                "reference": "5272b50e20a737fd8e9eeb0310d1ce3230b0308c"
            },
            "dist": {
                "type": "zip",
                "url": "https://github.com/symfony/Filesystem/zipball/5272b50e20a737fd8e9eeb0310d1ce3230b0308c",
                "reference": "5272b50e20a737fd8e9eeb0310d1ce3230b0308c",
                "shasum": ""
            },
            "require": {
                "php": ">=5.3.3"
            },
            "time": "1349553479",
            "type": "library",
            "extra": {
                "branch-alias": {
                    "dev-master": "2.2-dev"
                }
            },
            "installation-source": "source",
            "autoload": {
                "psr-0": {
                    "Symfony\\Component\\Filesystem\\": ""
                }
            },
            "license": [
                "MIT"
            ],
            "authors": [
                {
                    "name": "Fabien Potencier",
                    "email": "fabien@symfony.com"
                },
                {
                    "name": "Symfony Community",
                    "homepage": "http://symfony.com/contributors"
                }
            ],
            "description": "Symfony Filesystem Component",
            "homepage": "http://symfony.com"
        },
        {
            "name": "symfony/finder",
            "version": "dev-master",
            "target-dir": "Symfony/Component/Finder",
            "source": {
                "type": "git",
                "url": "https://github.com/symfony/Finder",
                "reference": "be47860ddba8647f966c4e5eed06024f31785d43"
            },
            "dist": {
                "type": "zip",
                "url": "https://github.com/symfony/Finder/zipball/be47860ddba8647f966c4e5eed06024f31785d43",
                "reference": "be47860ddba8647f966c4e5eed06024f31785d43",
                "shasum": ""
            },
            "require": {
                "php": ">=5.3.3"
            },
            "time": "1350156028",
            "type": "library",
            "extra": {
                "branch-alias": {
                    "dev-master": "2.2-dev"
                }
            },
            "installation-source": "source",
            "autoload": {
                "psr-0": {
                    "Symfony\\Component\\Finder\\": ""
                }
            },
            "license": [
                "MIT"
            ],
            "authors": [
                {
                    "name": "Fabien Potencier",
                    "email": "fabien@symfony.com"
                },
                {
                    "name": "Symfony Community",
                    "homepage": "http://symfony.com/contributors"
                }
            ],
            "description": "Symfony Finder Component",
            "homepage": "http://symfony.com"
        },
        {
            "name": "symfony/process",
            "version": "dev-master",
            "target-dir": "Symfony/Component/Process",
            "source": {
                "type": "git",
                "url": "https://github.com/symfony/Process",
                "reference": "f029d06585ad7646cc2e9ee9daf1f395014e1c7f"
            },
            "dist": {
                "type": "zip",
                "url": "https://github.com/symfony/Process/zipball/f029d06585ad7646cc2e9ee9daf1f395014e1c7f",
                "reference": "f029d06585ad7646cc2e9ee9daf1f395014e1c7f",
                "shasum": ""
            },
            "require": {
                "php": ">=5.3.3"
            },
            "time": "1349553479",
            "type": "library",
            "extra": {
                "branch-alias": {
                    "dev-master": "2.2-dev"
                }
            },
            "installation-source": "source",
            "autoload": {
                "psr-0": {
                    "Symfony\\Component\\Process\\": ""
                }
            },
            "license": [
                "MIT"
            ],
            "authors": [
                {
                    "name": "Fabien Potencier",
                    "email": "fabien@symfony.com"
                },
                {
                    "name": "Symfony Community",
                    "homepage": "http://symfony.com/contributors"
                }
            ],
            "description": "Symfony Process Component",
            "homepage": "http://symfony.com"
        },
        {
            "name": "twig/twig",
            "version": "dev-master",
            "source": {
                "type": "git",
                "url": "git://github.com/fabpot/Twig.git",
                "reference": "82334f876f06b76b28d60ef547ff0ccee8bc1de8"
            },
            "dist": {
                "type": "zip",
                "url": "https://github.com/fabpot/Twig/zipball/82334f876f06b76b28d60ef547ff0ccee8bc1de8",
                "reference": "82334f876f06b76b28d60ef547ff0ccee8bc1de8",
                "shasum": ""
            },
            "require": {
                "php": ">=5.2.4"
            },
            "time": "1350154884",
            "type": "library",
            "extra": {
                "branch-alias": {
                    "dev-master": "1.10-dev"
                }
            },
            "installation-source": "source",
            "autoload": {
                "psr-0": {
                    "Twig_": "lib/"
                }
            },
            "license": [
                "BSD-3"
            ],
            "authors": [
                {
                    "name": "Fabien Potencier",
                    "email": "fabien@symfony.com"
                },
                {
                    "name": "Armin Ronacher",
                    "email": "armin.ronacher@active-4.com"
                }
            ],
            "description": "Twig, the flexible, fast, and secure template language for PHP",
            "homepage": "http://twig.sensiolabs.org",
            "keywords": [
                "templating"
            ]
        }
    ],
    "packages-dev": null,
    "aliases": [

    ],
    "minimum-stability": "dev",
    "stability-flags": {
        "kriswallsmith/spork": 20
    }
}
